
Microsoft Visual Studio Solution File, Format Version 12.00
# Visual Studio Version 17
VisualStudioVersion = 17.9.34622.214
MinimumVisualStudioVersion = 10.0.40219.1
Project("{FAE04EC0-301F-11D3-BF4B-00C04F79EFBC}") = "Task_1", "Task_1\Task_1.csproj", "{0132E24B-10AB-45A8-BCB6-333584D3BD6E}"
EndProject
Project("{FAE04EC0-301F-11D3-BF4B-00C04F79EFBC}") = "Task_2", "Task_2\Task_2.csproj", "{564DCC58-0726-4E16-8FC4-0B4DDE09810F}"
EndProject
Global
	GlobalSection(SolutionConfigurationPlatforms) = preSolution
		Debug|Any CPU = Debug|Any CPU
		Release|Any CPU = Release|Any CPU
	EndGlobalSection
	GlobalSection(ProjectConfigurationPlatforms) = postSolution
		{0132E24B-10AB-45A8-BCB6-333584D3BD6E}.Debug|Any CPU.ActiveCfg = Debug|Any CPU
		{0132E24B-10AB-45A8-BCB6-333584D3BD6E}.Debug|Any CPU.Build.0 = Debug|Any CPU
		{0132E24B-10AB-45A8-BCB6-333584D3BD6E}.Release|Any CPU.ActiveCfg = Release|Any CPU
		{0132E24B-10AB-45A8-BCB6-333584D3BD6E}.Release|Any CPU.Build.0 = Release|Any CPU
		{564DCC58-0726-4E16-8FC4-0B4DDE09810F}.Debug|Any CPU.ActiveCfg = Debug|Any CPU
		{564DCC58-0726-4E16-8FC4-0B4DDE09810F}.Debug|Any CPU.Build.0 = Debug|Any CPU
		{564DCC58-0726-4E16-8FC4-0B4DDE09810F}.Release|Any CPU.ActiveCfg = Release|Any CPU
		{564DCC58-0726-4E16-8FC4-0B4DDE09810F}.Release|Any CPU.Build.0 = Release|Any CPU
	EndGlobalSection
	GlobalSection(SolutionProperties) = preSolution
		HideSolutionNode = FALSE
	EndGlobalSection
	GlobalSection(ExtensibilityGlobals) = postSolution
		SolutionGuid = {CF87ECDD-FFD5-4EA1-8C8A-9380652191FD}
	EndGlobalSection
EndGlobal
